<?xml version="1.0" encoding="utf-8"?>
<Project ToolsVersion="4.0" xmlns="http://schemas.microsoft.com/developer/msbuild/2003">
  <ItemGroup>
    <Filter Include="ConsoleEx3">
      <UniqueIdentifier>{9a410920-dbe9-4e43-aba9-ab23edd6fe58}</UniqueIdentifier>
    </Filter>
    <Filter Include="Game">
      <UniqueIdentifier>{2a330311-661a-4103-86cf-f0a20b9b5e22}</UniqueIdentifier>
    </Filter>
    <Filter Include="Game\Bullet">
      <UniqueIdentifier>{260d150d-8854-46f2-a6fa-cdd95c0022fa}</UniqueIdentifier>
    </Filter>
  </ItemGroup>
  <ItemGroup>
    <ClCompile Include="..\ConsoleEx3\ConWrap.cpp">
      <Filter>ConsoleEx3</Filter>
    </ClCompile>
    <ClCompile Include="..\ConsoleEx3\SysTimer.cpp">
      <Filter>ConsoleEx3</Filter>
    </ClCompile>
    <ClCompile Include="main.cpp" />
    <ClCompile Include="Hero.cpp">
      <Filter>Game</Filter>
    </ClCompile>
    <ClCompile Include="Bullet.cpp">
      <Filter>Game\Bullet</Filter>
    </ClCompile>
  </ItemGroup>
  <ItemGroup>
    <ClInclude Include="..\ConsoleEx3\ConWrap.h">
      <Filter>ConsoleEx3</Filter>
    </ClInclude>
    <ClInclude Include="..\ConsoleEx3\ConWrapColors.h">
      <Filter>ConsoleEx3</Filter>
    </ClInclude>
    <ClInclude Include="..\ConsoleEx3\ConWrapDefines.h">
      <Filter>ConsoleEx3</Filter>
    </ClInclude>
    <ClInclude Include="..\ConsoleEx3\SysTimer.h">
      <Filter>ConsoleEx3</Filter>
    </ClInclude>
    <ClInclude Include="Include.h" />
    <ClInclude Include="Hero.h">
      <Filter>Game</Filter>
    </ClInclude>
    <ClInclude Include="Bullet.h">
      <Filter>Game\Bullet</Filter>
    </ClInclude>
  </ItemGroup>
  <ItemGroup>
    <Text Include="..\ConsoleEx3\개발일지.txt">
      <Filter>ConsoleEx3</Filter>
    </Text>
  </ItemGroup>
  <ItemGroup>
    <None Include="ClassDiagram.cd" />
  </ItemGroup>
</Project>